
Microsoft Visual Studio Solution File, Format Version 12.00
# Visual Studio Version 16
VisualStudioVersion = 16.0.31613.86
MinimumVisualStudioVersion = 10.0.40219.1
Project("{9A19103F-16F7-4668-BE54-9A1E7A4F7556}") = "HelloWorld", "HelloWorld\HelloWorld.csproj", "{9B3387D2-D579-4C30-B8C8-A30E094D1139}"
EndProject
Global
	GlobalSection(SolutionConfigurationPlatforms) = preSolution
		Debug|Any CPU = Debug|Any CPU
		Release|Any CPU = Release|Any CPU
	EndGlobalSection
	GlobalSection(ProjectConfigurationPlatforms) = postSolution
		{9B3387D2-D579-4C30-B8C8-A30E094D1139}.Debug|Any CPU.ActiveCfg = Debug|Any CPU
		{9B3387D2-D579-4C30-B8C8-A30E094D1139}.Debug|Any CPU.Build.0 = Debug|Any CPU
		{9B3387D2-D579-4C30-B8C8-A30E094D1139}.Release|Any CPU.ActiveCfg = Release|Any CPU
		{9B3387D2-D579-4C30-B8C8-A30E094D1139}.Release|Any CPU.Build.0 = Release|Any CPU
	EndGlobalSection
	GlobalSection(SolutionProperties) = preSolution
		HideSolutionNode = FALSE
	EndGlobalSection
	GlobalSection(ExtensibilityGlobals) = postSolution
		SolutionGuid = {1A8DD470-DE01-403F-A99E-BAD5F761588F}
	EndGlobalSection
EndGlobal
